
Microsoft Visual Studio Solution File, Format Version 12.00
# Visual Studio 14
VisualStudioVersion = 14.0.25123.0
MinimumVisualStudioVersion = 10.0.40219.1
Project("{54435603-DBB4-11D2-8724-00A0C9A8B90C}") = "Setup1", "Setup1\Setup1.vdproj", "{16C11EFA-32D1-40E6-B684-DCFB6825B8FE}"
EndProject
Global
	GlobalSection(SolutionConfigurationPlatforms) = preSolution
		Debug|Default = Debug|Default
		Release|Default = Release|Default
	EndGlobalSection
	GlobalSection(ProjectConfigurationPlatforms) = postSolution
		{16C11EFA-32D1-40E6-B684-DCFB6825B8FE}.Debug|Default.ActiveCfg = Debug
		{16C11EFA-32D1-40E6-B684-DCFB6825B8FE}.Debug|Default.Build.0 = Debug
		{16C11EFA-32D1-40E6-B684-DCFB6825B8FE}.Release|Default.ActiveCfg = Release
		{16C11EFA-32D1-40E6-B684-DCFB6825B8FE}.Release|Default.Build.0 = Release
	EndGlobalSection
	GlobalSection(SolutionProperties) = preSolution
		HideSolutionNode = FALSE
	EndGlobalSection
EndGlobal
